
Microsoft Visual Studio Solution File, Format Version 12.00
# Visual Studio Version 17
VisualStudioVersion = 17.7.34024.191
MinimumVisualStudioVersion = 10.0.40219.1
Project("{FAE04EC0-301F-11D3-BF4B-00C04F79EFBC}") = "WpfApp1", "WpfApp1.csproj", "{660BF5E2-DE6D-4B58-9D9C-28B7C859D694}"
EndProject
Global
	GlobalSection(SolutionConfigurationPlatforms) = preSolution
		Debug|Any CPU = Debug|Any CPU
		Release|Any CPU = Release|Any CPU
	EndGlobalSection
	GlobalSection(ProjectConfigurationPlatforms) = postSolution
		{660BF5E2-DE6D-4B58-9D9C-28B7C859D694}.Debug|Any CPU.ActiveCfg = Debug|Any CPU
		{660BF5E2-DE6D-4B58-9D9C-28B7C859D694}.Debug|Any CPU.Build.0 = Debug|Any CPU
		{660BF5E2-DE6D-4B58-9D9C-28B7C859D694}.Release|Any CPU.ActiveCfg = Release|Any CPU
		{660BF5E2-DE6D-4B58-9D9C-28B7C859D694}.Release|Any CPU.Build.0 = Release|Any CPU
	EndGlobalSection
	GlobalSection(SolutionProperties) = preSolution
		HideSolutionNode = FALSE
	EndGlobalSection
	GlobalSection(ExtensibilityGlobals) = postSolution
		SolutionGuid = {FDAA0470-030E-4784-973E-9CC5D732AA7F}
	EndGlobalSection
EndGlobal
